
Microsoft Visual Studio Solution File, Format Version 12.00
# Visual Studio Version 17
VisualStudioVersion = 17.6.33723.286
MinimumVisualStudioVersion = 10.0.40219.1
Project("{FAE04EC0-301F-11D3-BF4B-00C04F79EFBC}") = "TunahanAliOzturk.ElasticSearch.API", "TunahanAliOzturk.ElasticSearch.API\TunahanAliOzturk.ElasticSearch.API.csproj", "{F126A2B4-5CD6-4961-82DA-F9F5498068A5}"
EndProject
Global
	GlobalSection(SolutionConfigurationPlatforms) = preSolution
		Debug|Any CPU = Debug|Any CPU
		Release|Any CPU = Release|Any CPU
	EndGlobalSection
	GlobalSection(ProjectConfigurationPlatforms) = postSolution
		{F126A2B4-5CD6-4961-82DA-F9F5498068A5}.Debug|Any CPU.ActiveCfg = Debug|Any CPU
		{F126A2B4-5CD6-4961-82DA-F9F5498068A5}.Debug|Any CPU.Build.0 = Debug|Any CPU
		{F126A2B4-5CD6-4961-82DA-F9F5498068A5}.Release|Any CPU.ActiveCfg = Release|Any CPU
		{F126A2B4-5CD6-4961-82DA-F9F5498068A5}.Release|Any CPU.Build.0 = Release|Any CPU
	EndGlobalSection
	GlobalSection(SolutionProperties) = preSolution
		HideSolutionNode = FALSE
	EndGlobalSection
	GlobalSection(ExtensibilityGlobals) = postSolution
		SolutionGuid = {F184B2AA-B5DF-48A7-B341-508B867DC4DE}
	EndGlobalSection
EndGlobal
